// !$*UTF8*$!
{
	archiveVersion = 1;
	classes = {
	};
	objectVersion = 46;
	objects = {

/* Begin PBXBuildFile section */
		1723B7911B410BA1000D5114 /* main.m in Sources */ = {isa = PBXBuildFile; fileRef = 1723B7901B410BA1000D5114 /* main.m */; };
		1723B7941B410BA1000D5114 /* AppDelegate.m in Sources */ = {isa = PBXBuildFile; fileRef = 1723B7931B410BA1000D5114 /* AppDelegate.m */; };
		1723B7971B410BA1000D5114 /* ViewController.m in Sources */ = {isa = PBXBuildFile; fileRef = 1723B7961B410BA1000D5114 /* ViewController.m */; };
		1723B79A1B410BA1000D5114 /* Main.storyboard in Resources */ = {isa = PBXBuildFile; fileRef = 1723B7981B410BA1000D5114 /* Main.storyboard */; };
		1723B79C1B410BA1000D5114 /* Images.xcassets in Resources */ = {isa = PBXBuildFile; fileRef = 1723B79B1B410BA1000D5114 /* Images.xcassets */; };
		1723B79F1B410BA1000D5114 /* LaunchScreen.xib in Resources */ = {isa = PBXBuildFile; fileRef = 1723B79D1B410BA1000D5114 /* LaunchScreen.xib */; };
		1723B7AB1B410BA1000D5114 /* aa0213136Tests.m in Sources */ = {isa = PBXBuildFile; fileRef = 1723B7AA1B410BA1000D5114 /* aa0213136Tests.m */; };
/* End PBXBuildFile section */

/* Begin PBXContainerItemProxy section */
		1723B7A51B410BA1000D5114 /* PBXContainerItemProxy */ = {
			isa = PBXContainerItemProxy;
			containerPortal = 1723B7831B410BA1000D5114 /* Project object */;
			proxyType = 1;
			remoteGlobalIDString = 1723B78A1B410BA1000D5114;
			remoteInfo = aa0213136;
		};
/* End PBXContainerItemProxy section */

/* Begin PBXFileReference section */
		1723B78B1B410BA1000D5114 /* aa0213136.app */ = {isa = PBXFileReference; explicitFileType = wrapper.application; includeInIndex = 0; path = aa0213136.app; sourceTree = BUILT_PRODUCTS_DIR; };
		1723B78F1B410BA1000D5114 /* Info.plist */ = {isa = PBXFileReference; lastKnownFileType = text.plist.xml; path = Info.plist; sourceTree = "<group>"; };
		1723B7901B410BA1000D5114 /* main.m */ = {isa = PBXFileReference; lastKnownFileType = sourcecode.c.objc; path = main.m; sourceTree = "<group>"; };
		1723B7921B410BA1000D5114 /* AppDelegate.h */ = {isa = PBXFileReference; lastKnownFileType = sourcecode.c.h; path = AppDelegate.h; sourceTree = "<group>"; };
		1723B7931B410BA1000D5114 /* AppDelegate.m */ = {isa = PBXFileReference; lastKnownFileType = sourcecode.c.objc; path = AppDelegate.m; sourceTree = "<group>"; };
		1723B7951B410BA1000D5114 /* ViewController.h */ = {isa = PBXFileReference; lastKnownFileType = sourcecode.c.h; path = ViewController.h; sourceTree = "<group>"; };
		1723B7961B410BA1000D5114 /* ViewController.m */ = {isa = PBXFileReference; lastKnownFileType = sourcecode.c.objc; path = ViewController.m; sourceTree = "<group>"; };
		1723B7991B410BA1000D5114 /* Base */ = {isa = PBXFileReference; lastKnownFileType = file.storyboard; name = Base; path = Base.lproj/Main.storyboard; sourceTree = "<group>"; };
		1723B79B1B410BA1000D5114 /* Images.xcassets */ = {isa = PBXFileReference; lastKnownFileType = folder.assetcatalog; path = Images.xcassets; sourceTree = "<group>"; };
		1723B79E1B410BA1000D5114 /* Base */ = {isa = PBXFileReference; lastKnownFileType = file.xib; name = Base; path = Base.lproj/LaunchScreen.xib; sourceTree = "<group>"; };
		1723B7A41B410BA1000D5114 /* aa0213136Tests.xctest */ = {isa = PBXFileReference; explicitFileType = wrapper.cfbundle; includeInIndex = 0; path = aa0213136Tests.xctest; sourceTree = BUILT_PRODUCTS_DIR; };
		1723B7A91B410BA1000D5114 /* Info.plist */ = {isa = PBXFileReference; lastKnownFileType = text.plist.xml; path = Info.plist; sourceTree = "<group>"; };
		1723B7AA1B410BA1000D5114 /* aa0213136Tests.m */ = {isa = PBXFileReference; lastKnownFileType = sourcecode.c.objc; path = aa0213136Tests.m; sourceTree = "<group>"; };
/* End PBXFileReference section */

/* Begin PBXFrameworksBuildPhase section */
		1723B7881B410BA1000D5114 /* Frameworks */ = {
			isa = PBXFrameworksBuildPhase;
			buildActionMask = 2147483647;
			files = (
			);
			runOnlyForDeploymentPostprocessing = 0;
		};
		1723B7A11B410BA1000D5114 /* Frameworks */ = {
			isa = PBXFrameworksBuildPhase;
			buildActionMask = 2147483647;
			files = (
			);
			runOnlyForDeploymentPostprocessing = 0;
		};
/* End PBXFrameworksBuildPhase section */

/* Begin PBXGroup section */
		1723B7821B410BA1000D5114 = {
			isa = PBXGroup;
			children = (
				1723B78D1B410BA1000D5114 /* aa0213136 */,
				1723B7A71B410BA1000D5114 /* aa0213136Tests */,
				1723B78C1B410BA1000D5114 /* Products */,
			);
			sourceTree = "<group>";
		};
		1723B78C1B410BA1000D5114 /* Products */ = {
			isa = PBXGroup;
			children = (
				1723B78B1B410BA1000D5114 /* aa0213136.app */,
				1723B7A41B410BA1000D5114 /* aa0213136Tests.xctest */,
			);
			name = Products;
			sourceTree = "<group>";
		};
		1723B78D1B410BA1000D5114 /* aa0213136 */ = {
			isa = PBXGroup;
			children = (
				1723B7921B410BA1000D5114 /* AppDelegate.h */,
				1723B7931B410BA1000D5114 /* AppDelegate.m */,
				1723B7951B410BA1000D5114 /* ViewController.h */,
				1723B7961B410BA1000D5114 /* ViewController.m */,
				1723B7981B410BA1000D5114 /* Main.storyboard */,
				1723B79B1B410BA1000D5114 /* Images.xcassets */,
				1723B79D1B410BA1000D5114 /* LaunchScreen.xib */,
				1723B78E1B410BA1000D5114 /* Supporting Files */,
			);
			path = aa0213136;
			sourceTree = "<group>";
		};
		1723B78E1B410BA1000D5114 /* Supporting Files */ = {
			isa = PBXGroup;
			children = (
				1723B78F1B410BA1000D5114 /* Info.plist */,
				1723B7901B410BA1000D5114 /* main.m */,
			);
			name = "Supporting Files";
			sourceTree = "<group>";
		};
		1723B7A71B410BA1000D5114 /* aa0213136Tests */ = {
			isa = PBXGroup;
			children = (
				1723B7AA1B410BA1000D5114 /* aa0213136Tests.m */,
				1723B7A81B410BA1000D5114 /* Supporting Files */,
			);
			path = aa0213136Tests;
			sourceTree = "<group>";
		};
		1723B7A81B410BA1000D5114 /* Supporting Files */ = {
			isa = PBXGroup;
			children = (
				1723B7A91B410BA1000D5114 /* Info.plist */,
			);
			name = "Supporting Files";
			sourceTree = "<group>";
		};
/* End PBXGroup section */

/* Begin PBXNativeTarget section */
		1723B78A1B410BA1000D5114 /* aa0213136 */ = {
			isa = PBXNativeTarget;
			buildConfigurationList = 1723B7AE1B410BA1000D5114 /* Build configuration list for PBXNativeTarget "aa0213136" */;
			buildPhases = (
				1723B7871B410BA1000D5114 /* Sources */,
				1723B7881B410BA1000D5114 /* Frameworks */,
				1723B7891B410BA1000D5114 /* Resources */,
			);
			buildRules = (
			);
			dependencies = (
			);
			name = aa0213136;
			productName = aa0213136;
			productReference = 1723B78B1B410BA1000D5114 /* aa0213136.app */;
			productType = "com.apple.product-type.application";
		};
		1723B7A31B410BA1000D5114 /* aa0213136Tests */ = {
			isa = PBXNativeTarget;
			buildConfigurationList = 1723B7B11B410BA1000D5114 /* Build configuration list for PBXNativeTarget "aa0213136Tests" */;
			buildPhases = (
				1723B7A01B410BA1000D5114 /* Sources */,
				1723B7A11B410BA1000D5114 /* Frameworks */,
				1723B7A21B410BA1000D5114 /* Resources */,
			);
			buildRules = (
			);
			dependencies = (
				1723B7A61B410BA1000D5114 /* PBXTargetDependency */,
			);
			name = aa0213136Tests;
			productName = aa0213136Tests;
			productReference = 1723B7A41B410BA1000D5114 /* aa0213136Tests.xctest */;
			productType = "com.apple.product-type.bundle.unit-test";
		};
/* End PBXNativeTarget section */

/* Begin PBXProject section */
		1723B7831B410BA1000D5114 /* Project object */ = {
			isa = PBXProject;
			attributes = {
				LastUpgradeCheck = 0620;
				ORGANIZATIONNAME = csievnujewntcu;
				TargetAttributes = {
					1723B78A1B410BA1000D5114 = {
						CreatedOnToolsVersion = 6.2;
					};
					1723B7A31B410BA1000D5114 = {
						CreatedOnToolsVersion = 6.2;
						TestTargetID = 1723B78A1B410BA1000D5114;
					};
				};
			};
			buildConfigurationList = 1723B7861B410BA1000D5114 /* Build configuration list for PBXProject "aa0213136" */;
			compatibilityVersion = "Xcode 3.2";
			developmentRegion = English;
			hasScannedForEncodings = 0;
			knownRegions = (
				en,
				Base,
			);
			mainGroup = 1723B7821B410BA1000D5114;
			productRefGroup = 1723B78C1B410BA1000D5114 /* Products */;
			projectDirPath = "";
			projectRoot = "";
			targets = (
				1723B78A1B410BA1000D5114 /* aa0213136 */,
				1723B7A31B410BA1000D5114 /* aa0213136Tests */,
			);
		};
/* End PBXProject section */

/* Begin PBXResourcesBuildPhase section */
		1723B7891B410BA1000D5114 /* Resources */ = {
			isa = PBXResourcesBuildPhase;
			buildActionMask = 2147483647;
			files = (
				1723B79A1B410BA1000D5114 /* Main.storyboard in Resources */,
				1723B79F1B410BA1000D5114 /* LaunchScreen.xib in Resources */,
				1723B79C1B410BA1000D5114 /* Images.xcassets in Resources */,
			);
			runOnlyForDeploymentPostprocessing = 0;
		};
		1723B7A21B410BA1000D5114 /* Resources */ = {
			isa = PBXResourcesBuildPhase;
			buildActionMask = 2147483647;
			files = (
			);
			runOnlyForDeploymentPostprocessing = 0;
		};
/* End PBXResourcesBuildPhase section */

/* Begin PBXSourcesBuildPhase section */
		1723B7871B410BA1000D5114 /* Sources */ = {
			isa = PBXSourcesBuildPhase;
			buildActionMask = 2147483647;
			files = (
				1723B7971B410BA1000D5114 /* ViewController.m in Sources */,
				1723B7941B410BA1000D5114 /* AppDelegate.m in Sources */,
				1723B7911B410BA1000D5114 /* main.m in Sources */,
			);
			runOnlyForDeploymentPostprocessing = 0;
		};
		1723B7A01B410BA1000D5114 /* Sources */ = {
			isa = PBXSourcesBuildPhase;
			buildActionMask = 2147483647;
			files = (
				1723B7AB1B410BA1000D5114 /* aa0213136Tests.m in Sources */,
			);
			runOnlyForDeploymentPostprocessing = 0;
		};
/* End PBXSourcesBuildPhase section */

/* Begin PBXTargetDependency section */
		1723B7A61B410BA1000D5114 /* PBXTargetDependency */ = {
			isa = PBXTargetDependency;
			target = 1723B78A1B410BA1000D5114 /* aa0213136 */;
			targetProxy = 1723B7A51B410BA1000D5114 /* PBXContainerItemProxy */;
		};
/* End PBXTargetDependency section */

/* Begin PBXVariantGroup section */
		1723B7981B410BA1000D5114 /* Main.storyboard */ = {
			isa = PBXVariantGroup;
			children = (
				1723B7991B410BA1000D5114 /* Base */,
			);
			name = Main.storyboard;
			sourceTree = "<group>";
		};
		1723B79D1B410BA1000D5114 /* LaunchScreen.xib */ = {
			isa = PBXVariantGroup;
			children = (
				1723B79E1B410BA1000D5114 /* Base */,
			);
			name = LaunchScreen.xib;
			sourceTree = "<group>";
		};
/* End PBXVariantGroup section */

/* Begin XCBuildConfiguration section */
		1723B7AC1B410BA1000D5114 /* Debug */ = {
			isa = XCBuildConfiguration;
			buildSettings = {
				ALWAYS_SEARCH_USER_PATHS = NO;
				CLANG_CXX_LANGUAGE_STANDARD = "gnu++0x";
				CLANG_CXX_LIBRARY = "libc++";
				CLANG_ENABLE_MODULES = YES;
				CLANG_ENABLE_OBJC_ARC = YES;
				CLANG_WARN_BOOL_CONVERSION = YES;
				CLANG_WARN_CONSTANT_CONVERSION = YES;
				CLANG_WARN_DIRECT_OBJC_ISA_USAGE = YES_ERROR;
				CLANG_WARN_EMPTY_BODY = YES;
				CLANG_WARN_ENUM_CONVERSION = YES;
				CLANG_WARN_INT_CONVERSION = YES;
				CLANG_WARN_OBJC_ROOT_CLASS = YES_ERROR;
				CLANG_WARN_UNREACHABLE_CODE = YES;
				CLANG_WARN__DUPLICATE_METHOD_MATCH = YES;
				"CODE_SIGN_IDENTITY[sdk=iphoneos*]" = "iPhone Developer";
				COPY_PHASE_STRIP = NO;
				ENABLE_STRICT_OBJC_MSGSEND = YES;
				GCC_C_LANGUAGE_STANDARD = gnu99;
				GCC_DYNAMIC_NO_PIC = NO;
				GCC_OPTIMIZATION_LEVEL = 0;
				GCC_PREPROCESSOR_DEFINITIONS = (
					"DEBUG=1",
					"$(inherited)",
				);
				GCC_SYMBOLS_PRIVATE_EXTERN = NO;
				GCC_WARN_64_TO_32_BIT_CONVERSION = YES;
				GCC_WARN_ABOUT_RETURN_TYPE = YES_ERROR;
				GCC_WARN_UNDECLARED_SELECTOR = YES;
				GCC_WARN_UNINITIALIZED_AUTOS = YES_AGGRESSIVE;
				GCC_WARN_UNUSED_FUNCTION = YES;
				GCC_WARN_UNUSED_VARIABLE = YES;
				IPHONEOS_DEPLOYMENT_TARGET = 8.2;
				MTL_ENABLE_DEBUG_INFO = YES;
				ONLY_ACTIVE_ARCH = YES;
				SDKROOT = iphoneos;
			};
			name = Debug;
		};
		1723B7AD1B410BA1000D5114 /* Release */ = {
			isa = XCBuildConfiguration;
			buildSettings = {
				ALWAYS_SEARCH_USER_PATHS = NO;
				CLANG_CXX_LANGUAGE_STANDARD = "gnu++0x";
				CLANG_CXX_LIBRARY = "libc++";
				CLANG_ENABLE_MODULES = YES;
				CLANG_ENABLE_OBJC_ARC = YES;
				CLANG_WARN_BOOL_CONVERSION = YES;
				CLANG_WARN_CONSTANT_CONVERSION = YES;
				CLANG_WARN_DIRECT_OBJC_ISA_USAGE = YES_ERROR;
				CLANG_WARN_EMPTY_BODY = YES;
				CLANG_WARN_ENUM_CONVERSION = YES;
				CLANG_WARN_INT_CONVERSION = YES;
				CLANG_WARN_OBJC_ROOT_CLASS = YES_ERROR;
				CLANG_WARN_UNREACHABLE_CODE = YES;
				CLANG_WARN__DUPLICATE_METHOD_MATCH = YES;
				"CODE_SIGN_IDENTITY[sdk=iphoneos*]" = "iPhone Developer";
				COPY_PHASE_STRIP = NO;
				ENABLE_NS_ASSERTIONS = NO;
				ENABLE_STRICT_OBJC_MSGSEND = YES;
				GCC_C_LANGUAGE_STANDARD = gnu99;
				GCC_WARN_64_TO_32_BIT_CONVERSION = YES;
				GCC_WARN_ABOUT_RETURN_TYPE = YES_ERROR;
				GCC_WARN_UNDECLARED_SELECTOR = YES;
				GCC_WARN_UNINITIALIZED_AUTOS = YES_AGGRESSIVE;
				GCC_WARN_UNUSED_FUNCTION = YES;
				GCC_WARN_UNUSED_VARIABLE = YES;
				IPHONEOS_DEPLOYMENT_TARGET = 8.2;
				MTL_ENABLE_DEBUG_INFO = NO;
				SDKROOT = iphoneos;
				VALIDATE_PRODUCT = YES;
			};
			name = Release;
		};
		1723B7AF1B410BA1000D5114 /* Debug */ = {
			isa = XCBuildConfiguration;
			buildSettings = {
				ASSETCATALOG_COMPILER_APPICON_NAME = AppIcon;
				INFOPLIST_FILE = aa0213136/Info.plist;
				LD_RUNPATH_SEARCH_PATHS = "$(inherited) @executable_path/Frameworks";
				PRODUCT_NAME = "$(TARGET_NAME)";
			};
			name = Debug;
		};
		1723B7B01B410BA1000D5114 /* Release */ = {
			isa = XCBuildConfiguration;
			buildSettings = {
				ASSETCATALOG_COMPILER_APPICON_NAME = AppIcon;
				INFOPLIST_FILE = aa0213136/Info.plist;
				LD_RUNPATH_SEARCH_PATHS = "$(inherited) @executable_path/Frameworks";
				PRODUCT_NAME = "$(TARGET_NAME)";
			};
			name = Release;
		};
		1723B7B21B410BA1000D5114 /* Debug */ = {
			isa = XCBuildConfiguration;
			buildSettings = {
				BUNDLE_LOADER = "$(TEST_HOST)";
				FRAMEWORK_SEARCH_PATHS = (
					"$(SDKROOT)/Developer/Library/Frameworks",
					"$(inherited)",
				);
				GCC_PREPROCESSOR_DEFINITIONS = (
					"DEBUG=1",
					"$(inherited)",
				);
				INFOPLIST_FILE = aa0213136Tests/Info.plist;
				LD_RUNPATH_SEARCH_PATHS = "$(inherited) @executable_path/Frameworks @loader_path/Frameworks";
				PRODUCT_NAME = "$(TARGET_NAME)";
				TEST_HOST = "$(BUILT_PRODUCTS_DIR)/aa0213136.app/aa0213136";
			};
			name = Debug;
		};
		1723B7B31B410BA1000D5114 /* Release */ = {
			isa = XCBuildConfiguration;
			buildSettings = {
				BUNDLE_LOADER = "$(TEST_HOST)";
				FRAMEWORK_SEARCH_PATHS = (
					"$(SDKROOT)/Developer/Library/Frameworks",
					"$(inherited)",
				);
				INFOPLIST_FILE = aa0213136Tests/Info.plist;
				LD_RUNPATH_SEARCH_PATHS = "$(inherited) @executable_path/Frameworks @loader_path/Frameworks";
				PRODUCT_NAME = "$(TARGET_NAME)";
				TEST_HOST = "$(BUILT_PRODUCTS_DIR)/aa0213136.app/aa0213136";
			};
			name = Release;
		};
/* End XCBuildConfiguration section */

/* Begin XCConfigurationList section */
		1723B7861B410BA1000D5114 /* Build configuration list for PBXProject "aa0213136" */ = {
			isa = XCConfigurationList;
			buildConfigurations = (
				1723B7AC1B410BA1000D5114 /* Debug */,
				1723B7AD1B410BA1000D5114 /* Release */,
			);
			defaultConfigurationIsVisible = 0;
			defaultConfigurationName = Release;
		};
		1723B7AE1B410BA1000D5114 /* Build configuration list for PBXNativeTarget "aa0213136" */ = {
			isa = XCConfigurationList;
			buildConfigurations = (
				1723B7AF1B410BA1000D5114 /* Debug */,
				1723B7B01B410BA1000D5114 /* Release */,
			);
			defaultConfigurationIsVisible = 0;
		};
		1723B7B11B410BA1000D5114 /* Build configuration list for PBXNativeTarget "aa0213136Tests" */ = {
			isa = XCConfigurationList;
			buildConfigurations = (
				1723B7B21B410BA1000D5114 /* Debug */,
				1723B7B31B410BA1000D5114 /* Release */,
			);
			defaultConfigurationIsVisible = 0;
		};
/* End XCConfigurationList section */
	};
	rootObject = 1723B7831B410BA1000D5114 /* Project object */;
}
